// !$*UTF8*$!
{
	archiveVersion = 1;
	classes = {
	};
	objectVersion = 48;
	objects = {

/* Begin PBXBuildFile section */
		732F06BB1FD8B8940047FDF9 /* AppDelegate.swift in Sources */ = {isa = PBXBuildFile; fileRef = 732F06BA1FD8B8940047FDF9 /* AppDelegate.swift */; };
		732F06BD1FD8B8940047FDF9 /* ViewController.swift in Sources */ = {isa = PBXBuildFile; fileRef = 732F06BC1FD8B8940047FDF9 /* ViewController.swift */; };
		732F06C01FD8B8940047FDF9 /* Main.storyboard in Resources */ = {isa = PBXBuildFile; fileRef = 732F06BE1FD8B8940047FDF9 /* Main.storyboard */; };
		732F06C21FD8B8940047FDF9 /* Assets.xcassets in Resources */ = {isa = PBXBuildFile; fileRef = 732F06C11FD8B8940047FDF9 /* Assets.xcassets */; };
		732F06C51FD8B8940047FDF9 /* LaunchScreen.storyboard in Resources */ = {isa = PBXBuildFile; fileRef = 732F06C31FD8B8940047FDF9 /* LaunchScreen.storyboard */; };
/* End PBXBuildFile section */

/* Begin PBXFileReference section */
		732F06B71FD8B8940047FDF9 /* HelloThereApp.app */ = {isa = PBXFileReference; explicitFileType = wrapper.application; includeInIndex = 0; path = HelloThereApp.app; sourceTree = BUILT_PRODUCTS_DIR; };
		732F06BA1FD8B8940047FDF9 /* AppDelegate.swift */ = {isa = PBXFileReference; lastKnownFileType = sourcecode.swift; path = AppDelegate.swift; sourceTree = "<group>"; };
		732F06BC1FD8B8940047FDF9 /* ViewController.swift */ = {isa = PBXFileReference; lastKnownFileType = sourcecode.swift; path = ViewController.swift; sourceTree = "<group>"; };
		732F06BF1FD8B8940047FDF9 /* Base */ = {isa = PBXFileReference; lastKnownFileType = file.storyboard; name = Base; path = Base.lproj/Main.storyboard; sourceTree = "<group>"; };
		732F06C11FD8B8940047FDF9 /* Assets.xcassets */ = {isa = PBXFileReference; lastKnownFileType = folder.assetcatalog; path = Assets.xcassets; sourceTree = "<group>"; };
		732F06C41FD8B8940047FDF9 /* Base */ = {isa = PBXFileReference; lastKnownFileType = file.storyboard; name = Base; path = Base.lproj/LaunchScreen.storyboard; sourceTree = "<group>"; };
		732F06C61FD8B8940047FDF9 /* Info.plist */ = {isa = PBXFileReference; lastKnownFileType = text.plist.xml; path = Info.plist; sourceTree = "<group>"; };
/* End PBXFileReference section */

/* Begin PBXFrameworksBuildPhase section */
		732F06B41FD8B8940047FDF9 /* Frameworks */ = {
			isa = PBXFrameworksBuildPhase;
			buildActionMask = 2147483647;
			files = (
			);
			runOnlyForDeploymentPostprocessing = 0;
		};
/* End PBXFrameworksBuildPhase section */

/* Begin PBXGroup section */
		732F06AE1FD8B8940047FDF9 = {
			isa = PBXGroup;
			children = (
				732F06B91FD8B8940047FDF9 /* HelloThereApp */,
				732F06B81FD8B8940047FDF9 /* Products */,
			);
			sourceTree = "<group>";
		};
		732F06B81FD8B8940047FDF9 /* Products */ = {
			isa = PBXGroup;
			children = (
				732F06B71FD8B8940047FDF9 /* HelloThereApp.app */,
			);
			name = Products;
			sourceTree = "<group>";
		};
		732F06B91FD8B8940047FDF9 /* HelloThereApp */ = {
			isa = PBXGroup;
			children = (
				732F06BA1FD8B8940047FDF9 /* AppDelegate.swift */,
				732F06BC1FD8B8940047FDF9 /* ViewController.swift */,
				732F06BE1FD8B8940047FDF9 /* Main.storyboard */,
				732F06C11FD8B8940047FDF9 /* Assets.xcassets */,
				732F06C31FD8B8940047FDF9 /* LaunchScreen.storyboard */,
				732F06C61FD8B8940047FDF9 /* Info.plist */,
			);
			path = HelloThereApp;
			sourceTree = "<group>";
		};
/* End PBXGroup section */

/* Begin PBXNativeTarget section */
		732F06B61FD8B8940047FDF9 /* HelloThereApp */ = {
			isa = PBXNativeTarget;
			buildConfigurationList = 732F06C91FD8B8940047FDF9 /* Build configuration list for PBXNativeTarget "HelloThereApp" */;
			buildPhases = (
				732F06B31FD8B8940047FDF9 /* Sources */,
				732F06B41FD8B8940047FDF9 /* Frameworks */,
				732F06B51FD8B8940047FDF9 /* Resources */,
			);
			buildRules = (
			);
			dependencies = (
			);
			name = HelloThereApp;
			productName = HelloThereApp;
			productReference = 732F06B71FD8B8940047FDF9 /* HelloThereApp.app */;
			productType = "com.apple.product-type.application";
		};
/* End PBXNativeTarget section */

/* Begin PBXProject section */
		732F06AF1FD8B8940047FDF9 /* Project object */ = {
			isa = PBXProject;
			attributes = {
				LastSwiftUpdateCheck = 0910;
				LastUpgradeCheck = 0910;
				ORGANIZATIONNAME = UbiqutiousMedia;
				TargetAttributes = {
					732F06B61FD8B8940047FDF9 = {
						CreatedOnToolsVersion = 9.1;
						ProvisioningStyle = Automatic;
					};
				};
			};
			buildConfigurationList = 732F06B21FD8B8940047FDF9 /* Build configuration list for PBXProject "HelloThereApp" */;
			compatibilityVersion = "Xcode 8.0";
			developmentRegion = en;
			hasScannedForEncodings = 0;
			knownRegions = (
				en,
				Base,
			);
			mainGroup = 732F06AE1FD8B8940047FDF9;
			productRefGroup = 732F06B81FD8B8940047FDF9 /* Products */;
			projectDirPath = "";
			projectRoot = "";
			targets = (
				732F06B61FD8B8940047FDF9 /* HelloThereApp */,
			);
		};
/* End PBXProject section */

/* Begin PBXResourcesBuildPhase section */
		732F06B51FD8B8940047FDF9 /* Resources */ = {
			isa = PBXResourcesBuildPhase;
			buildActionMask = 2147483647;
			files = (
				732F06C51FD8B8940047FDF9 /* LaunchScreen.storyboard in Resources */,
				732F06C21FD8B8940047FDF9 /* Assets.xcassets in Resources */,
				732F06C01FD8B8940047FDF9 /* Main.storyboard in Resources */,
			);
			runOnlyForDeploymentPostprocessing = 0;
		};
/* End PBXResourcesBuildPhase section */

/* Begin PBXSourcesBuildPhase section */
		732F06B31FD8B8940047FDF9 /* Sources */ = {
			isa = PBXSourcesBuildPhase;
			buildActionMask = 2147483647;
			files = (
				732F06BD1FD8B8940047FDF9 /* ViewController.swift in Sources */,
				732F06BB1FD8B8940047FDF9 /* AppDelegate.swift in Sources */,
			);
			runOnlyForDeploymentPostprocessing = 0;
		};
/* End PBXSourcesBuildPhase section */

/* Begin PBXVariantGroup section */
		732F06BE1FD8B8940047FDF9 /* Main.storyboard */ = {
			isa = PBXVariantGroup;
			children = (
				732F06BF1FD8B8940047FDF9 /* Base */,
			);
			name = Main.storyboard;
			sourceTree = "<group>";
		};
		732F06C31FD8B8940047FDF9 /* LaunchScreen.storyboard */ = {
			isa = PBXVariantGroup;
			children = (
				732F06C41FD8B8940047FDF9 /* Base */,
			);
			name = LaunchScreen.storyboard;
			sourceTree = "<group>";
		};
/* End PBXVariantGroup section */

/* Begin XCBuildConfiguration section */
		732F06C71FD8B8940047FDF9 /* Debug */ = {
			isa = XCBuildConfiguration;
			buildSettings = {
				ALWAYS_SEARCH_USER_PATHS = NO;
				CLANG_ANALYZER_NONNULL = YES;
				CLANG_ANALYZER_NUMBER_OBJECT_CONVERSION = YES_AGGRESSIVE;
				CLANG_CXX_LANGUAGE_STANDARD = "gnu++14";
				CLANG_CXX_LIBRARY = "libc++";
				CLANG_ENABLE_MODULES = YES;
				CLANG_ENABLE_OBJC_ARC = YES;
				CLANG_WARN_BLOCK_CAPTURE_AUTORELEASING = YES;
				CLANG_WARN_BOOL_CONVERSION = YES;
				CLANG_WARN_COMMA = YES;
				CLANG_WARN_CONSTANT_CONVERSION = YES;
				CLANG_WARN_DIRECT_OBJC_ISA_USAGE = YES_ERROR;
				CLANG_WARN_DOCUMENTATION_COMMENTS = YES;
				CLANG_WARN_EMPTY_BODY = YES;
				CLANG_WARN_ENUM_CONVERSION = YES;
				CLANG_WARN_INFINITE_RECURSION = YES;
				CLANG_WARN_INT_CONVERSION = YES;
				CLANG_WARN_NON_LITERAL_NULL_CONVERSION = YES;
				CLANG_WARN_OBJC_LITERAL_CONVERSION = YES;
				CLANG_WARN_OBJC_ROOT_CLASS = YES_ERROR;
				CLANG_WARN_RANGE_LOOP_ANALYSIS = YES;
				CLANG_WARN_STRICT_PROTOTYPES = YES;
				CLANG_WARN_SUSPICIOUS_MOVE = YES;
				CLANG_WARN_UNGUARDED_AVAILABILITY = YES_AGGRESSIVE;
				CLANG_WARN_UNREACHABLE_CODE = YES;
				CLANG_WARN__DUPLICATE_METHOD_MATCH = YES;
				CODE_SIGN_IDENTITY = "iPhone Developer";
				COPY_PHASE_STRIP = NO;
				DEBUG_INFORMATION_FORMAT = dwarf;
				ENABLE_STRICT_OBJC_MSGSEND = YES;
				ENABLE_TESTABILITY = YES;
				GCC_C_LANGUAGE_STANDARD = gnu11;
				GCC_DYNAMIC_NO_PIC = NO;
				GCC_NO_COMMON_BLOCKS = YES;
				GCC_OPTIMIZATION_LEVEL = 0;
				GCC_PREPROCESSOR_DEFINITIONS = (
					"DEBUG=1",
					"$(inherited)",
				);
				GCC_WARN_64_TO_32_BIT_CONVERSION = YES;
				GCC_WARN_ABOUT_RETURN_TYPE = YES_ERROR;
				GCC_WARN_UNDECLARED_SELECTOR = YES;
				GCC_WARN_UNINITIALIZED_AUTOS = YES_AGGRESSIVE;
				GCC_WARN_UNUSED_FUNCTION = YES;
				GCC_WARN_UNUSED_VARIABLE = YES;
				IPHONEOS_DEPLOYMENT_TARGET = 11.1;
				MTL_ENABLE_DEBUG_INFO = YES;
				ONLY_ACTIVE_ARCH = YES;
				SDKROOT = iphoneos;
				SWIFT_ACTIVE_COMPILATION_CONDITIONS = DEBUG;
				SWIFT_OPTIMIZATION_LEVEL = "-Onone";
			};
			name = Debug;
		};
		732F06C81FD8B8940047FDF9 /* Release */ = {
			isa = XCBuildConfiguration;
			buildSettings = {
				ALWAYS_SEARCH_USER_PATHS = NO;
				CLANG_ANALYZER_NONNULL = YES;
				CLANG_ANALYZER_NUMBER_OBJECT_CONVERSION = YES_AGGRESSIVE;
				CLANG_CXX_LANGUAGE_STANDARD = "gnu++14";
				CLANG_CXX_LIBRARY = "libc++";
				CLANG_ENABLE_MODULES = YES;
				CLANG_ENABLE_OBJC_ARC = YES;
				CLANG_WARN_BLOCK_CAPTURE_AUTORELEASING = YES;
				CLANG_WARN_BOOL_CONVERSION = YES;
				CLANG_WARN_COMMA = YES;
				CLANG_WARN_CONSTANT_CONVERSION = YES;
				CLANG_WARN_DIRECT_OBJC_ISA_USAGE = YES_ERROR;
				CLANG_WARN_DOCUMENTATION_COMMENTS = YES;
				CLANG_WARN_EMPTY_BODY = YES;
				CLANG_WARN_ENUM_CONVERSION = YES;
				CLANG_WARN_INFINITE_RECURSION = YES;
				CLANG_WARN_INT_CONVERSION = YES;
				CLANG_WARN_NON_LITERAL_NULL_CONVERSION = YES;
				CLANG_WARN_OBJC_LITERAL_CONVERSION = YES;
				CLANG_WARN_OBJC_ROOT_CLASS = YES_ERROR;
				CLANG_WARN_RANGE_LOOP_ANALYSIS = YES;
				CLANG_WARN_STRICT_PROTOTYPES = YES;
				CLANG_WARN_SUSPICIOUS_MOVE = YES;
				CLANG_WARN_UNGUARDED_AVAILABILITY = YES_AGGRESSIVE;
				CLANG_WARN_UNREACHABLE_CODE = YES;
				CLANG_WARN__DUPLICATE_METHOD_MATCH = YES;
				CODE_SIGN_IDENTITY = "iPhone Developer";
				COPY_PHASE_STRIP = NO;
				DEBUG_INFORMATION_FORMAT = "dwarf-with-dsym";
				ENABLE_NS_ASSERTIONS = NO;
				ENABLE_STRICT_OBJC_MSGSEND = YES;
				GCC_C_LANGUAGE_STANDARD = gnu11;
				GCC_NO_COMMON_BLOCKS = YES;
				GCC_WARN_64_TO_32_BIT_CONVERSION = YES;
				GCC_WARN_ABOUT_RETURN_TYPE = YES_ERROR;
				GCC_WARN_UNDECLARED_SELECTOR = YES;
				GCC_WARN_UNINITIALIZED_AUTOS = YES_AGGRESSIVE;
				GCC_WARN_UNUSED_FUNCTION = YES;
				GCC_WARN_UNUSED_VARIABLE = YES;
				IPHONEOS_DEPLOYMENT_TARGET = 11.1;
				MTL_ENABLE_DEBUG_INFO = NO;
				SDKROOT = iphoneos;
				SWIFT_OPTIMIZATION_LEVEL = "-Owholemodule";
				VALIDATE_PRODUCT = YES;
			};
			name = Release;
		};
		732F06CA1FD8B8940047FDF9 /* Debug */ = {
			isa = XCBuildConfiguration;
			buildSettings = {
				ASSETCATALOG_COMPILER_APPICON_NAME = AppIcon;
				CODE_SIGN_STYLE = Automatic;
				INFOPLIST_FILE = HelloThereApp/Info.plist;
				IPHONEOS_DEPLOYMENT_TARGET = 11.0;
				LD_RUNPATH_SEARCH_PATHS = "$(inherited) @executable_path/Frameworks";
				PRODUCT_BUNDLE_IDENTIFIER = UbiMed.HelloThereApp;
				PRODUCT_NAME = "$(TARGET_NAME)";
				SWIFT_VERSION = 4.0;
				TARGETED_DEVICE_FAMILY = "1,2";
			};
			name = Debug;
		};
		732F06CB1FD8B8940047FDF9 /* Release */ = {
			isa = XCBuildConfiguration;
			buildSettings = {
				ASSETCATALOG_COMPILER_APPICON_NAME = AppIcon;
				CODE_SIGN_STYLE = Automatic;
				INFOPLIST_FILE = HelloThereApp/Info.plist;
				IPHONEOS_DEPLOYMENT_TARGET = 11.0;
				LD_RUNPATH_SEARCH_PATHS = "$(inherited) @executable_path/Frameworks";
				PRODUCT_BUNDLE_IDENTIFIER = UbiMed.HelloThereApp;
				PRODUCT_NAME = "$(TARGET_NAME)";
				SWIFT_VERSION = 4.0;
				TARGETED_DEVICE_FAMILY = "1,2";
			};
			name = Release;
		};
/* End XCBuildConfiguration section */

/* Begin XCConfigurationList section */
		732F06B21FD8B8940047FDF9 /* Build configuration list for PBXProject "HelloThereApp" */ = {
			isa = XCConfigurationList;
			buildConfigurations = (
				732F06C71FD8B8940047FDF9 /* Debug */,
				732F06C81FD8B8940047FDF9 /* Release */,
			);
			defaultConfigurationIsVisible = 0;
			defaultConfigurationName = Release;
		};
		732F06C91FD8B8940047FDF9 /* Build configuration list for PBXNativeTarget "HelloThereApp" */ = {
			isa = XCConfigurationList;
			buildConfigurations = (
				732F06CA1FD8B8940047FDF9 /* Debug */,
				732F06CB1FD8B8940047FDF9 /* Release */,
			);
			defaultConfigurationIsVisible = 0;
			defaultConfigurationName = Release;
		};
/* End XCConfigurationList section */
	};
	rootObject = 732F06AF1FD8B8940047FDF9 /* Project object */;
}
